
Microsoft Visual Studio Solution File, Format Version 12.00
# Visual Studio Version 17
VisualStudioVersion = 17.0.31919.166
MinimumVisualStudioVersion = 10.0.40219.1
Project("{FAE04EC0-301F-11D3-BF4B-00C04F79EFBC}") = "CardinalSharpLang.BootstrapCompiler", "CardinalSharpLang.BootstrapCompiler\CardinalSharpLang.BootstrapCompiler.csproj", "{4C8C8330-9B51-471E-978D-3BB2C1B607FF}"
EndProject
Global
	GlobalSection(SolutionConfigurationPlatforms) = preSolution
		Debug|Any CPU = Debug|Any CPU
		Release|Any CPU = Release|Any CPU
	EndGlobalSection
	GlobalSection(ProjectConfigurationPlatforms) = postSolution
		{4C8C8330-9B51-471E-978D-3BB2C1B607FF}.Debug|Any CPU.ActiveCfg = Debug|Any CPU
		{4C8C8330-9B51-471E-978D-3BB2C1B607FF}.Debug|Any CPU.Build.0 = Debug|Any CPU
		{4C8C8330-9B51-471E-978D-3BB2C1B607FF}.Release|Any CPU.ActiveCfg = Release|Any CPU
		{4C8C8330-9B51-471E-978D-3BB2C1B607FF}.Release|Any CPU.Build.0 = Release|Any CPU
	EndGlobalSection
	GlobalSection(SolutionProperties) = preSolution
		HideSolutionNode = FALSE
	EndGlobalSection
	GlobalSection(ExtensibilityGlobals) = postSolution
		SolutionGuid = {EA2A6C15-B882-432A-858A-9676CBB0422C}
	EndGlobalSection
EndGlobal
